
Microsoft Visual Studio Solution File, Format Version 12.00
# Visual Studio Version 16
VisualStudioVersion = 16.0.29519.87
MinimumVisualStudioVersion = 10.0.40219.1
Project("{FAE04EC0-301F-11D3-BF4B-00C04F79EFBC}") = "WindowsFormsApp4", "WindowsFormsApp4\WindowsFormsApp4.csproj", "{F1743F41-BBC0-4AD2-BB9F-F3FA9A1EA4A9}"
EndProject
Global
	GlobalSection(SolutionConfigurationPlatforms) = preSolution
		Debug|Any CPU = Debug|Any CPU
		Release|Any CPU = Release|Any CPU
	EndGlobalSection
	GlobalSection(ProjectConfigurationPlatforms) = postSolution
		{F1743F41-BBC0-4AD2-BB9F-F3FA9A1EA4A9}.Debug|Any CPU.ActiveCfg = Debug|Any CPU
		{F1743F41-BBC0-4AD2-BB9F-F3FA9A1EA4A9}.Debug|Any CPU.Build.0 = Debug|Any CPU
		{F1743F41-BBC0-4AD2-BB9F-F3FA9A1EA4A9}.Release|Any CPU.ActiveCfg = Release|Any CPU
		{F1743F41-BBC0-4AD2-BB9F-F3FA9A1EA4A9}.Release|Any CPU.Build.0 = Release|Any CPU
	EndGlobalSection
	GlobalSection(SolutionProperties) = preSolution
		HideSolutionNode = FALSE
	EndGlobalSection
	GlobalSection(ExtensibilityGlobals) = postSolution
		SolutionGuid = {852EAFD2-48B8-49F6-8E41-0BC7227488D2}
	EndGlobalSection
EndGlobal
